
Microsoft Visual Studio Solution File, Format Version 12.00
# Visual Studio Version 17
VisualStudioVersion = 17.0.31903.59
MinimumVisualStudioVersion = 10.0.40219.1
Project("{9A19103F-16F7-4668-BE54-9A1E7A4F7556}") = "Deloitte.NAA.Data", "Deloitte.NAA.Data\Deloitte.NAA.Data.csproj", "{11E8458F-4739-4415-8EE5-950FD5AA7A98}"
EndProject
Project("{2150E333-8FDC-42A3-9474-1A3956D46DE8}") = "Data", "Data", "{0529ECB0-72C9-4DC0-BBC6-79BF4959C6D4}"
EndProject
Project("{9A19103F-16F7-4668-BE54-9A1E7A4F7556}") = "Deloitte.NAA.Data.Entities", "Deloitte.NAA.Data.Entities\Deloitte.NAA.Data.Entities.csproj", "{24218891-0928-43E2-88A8-5EDF251D8BB4}"
EndProject
Project("{9A19103F-16F7-4668-BE54-9A1E7A4F7556}") = "Deloitte.NAA.Data.SqlServer", "Deloitte.NAA.Data.SqlServer\Deloitte.NAA.Data.SqlServer.csproj", "{C418CA32-9B23-4C23-9308-E0CCAED2F4CC}"
EndProject
Project("{2150E333-8FDC-42A3-9474-1A3956D46DE8}") = "Core", "Core", "{A5F21D5C-B396-4F18-9507-BC16335D75B8}"
EndProject
Project("{9A19103F-16F7-4668-BE54-9A1E7A4F7556}") = "Deloitte.NAA.Core", "Deloitte.NAA.Core\Deloitte.NAA.Core.csproj", "{678325F8-874D-4159-B406-5C68CEEE31C4}"
EndProject
Project("{2150E333-8FDC-42A3-9474-1A3956D46DE8}") = "API", "API", "{3993B9C9-C731-403D-B375-DD6F03B9859B}"
EndProject
Project("{9A19103F-16F7-4668-BE54-9A1E7A4F7556}") = "Deloitte.NAA.API.Models", "Deloitte.NAA.API.Models\Deloitte.NAA.API.Models.csproj", "{10609A65-A29E-41F7-9D6E-B424381C8C06}"
EndProject
Project("{9A19103F-16F7-4668-BE54-9A1E7A4F7556}") = "Deloitte.NAA.API.Rest", "Deloitte.NAA.API.Rest\Deloitte.NAA.API.Rest.csproj", "{AD202151-C191-49E0-A03F-72178D1FEDC4}"
EndProject
Project("{2150E333-8FDC-42A3-9474-1A3956D46DE8}") = "SolutionBootstrapper", "SolutionBootstrapper", "{DD3BBC98-0571-493E-8707-691CA9F1FF8E}"
EndProject
Project("{9A19103F-16F7-4668-BE54-9A1E7A4F7556}") = "Deloitte.NAA.SolutionBootstrapper", "Deloitte.NAA.SolutionBootstrapper\Deloitte.NAA.SolutionBootstrapper.csproj", "{CD55BB09-7CCA-48F0-A98E-4603CB17B276}"
EndProject
Project("{9A19103F-16F7-4668-BE54-9A1E7A4F7556}") = "Deloitte.NAA.API", "Deloitte.NAA.API\Deloitte.NAA.API.csproj", "{C161AA4E-288E-419E-8840-038A5EF46A3D}"
EndProject
Project("{9A19103F-16F7-4668-BE54-9A1E7A4F7556}") = "Deloitte.NAA.Core.Objects", "Deloitte.NAA.Core.Objects\Deloitte.NAA.Core.Objects.csproj", "{817865DB-EB2D-4095-82C0-5968D83CEE11}"
EndProject
Project("{9A19103F-16F7-4668-BE54-9A1E7A4F7556}") = "Deloitte.NAA.Core.UnitTests", "Deloitte.NAA.Core.Objects.UnitTests\Deloitte.NAA.Core.UnitTests.csproj", "{79B8B0D0-EACE-4DEE-9255-174F09BDF485}"
EndProject
Project("{9A19103F-16F7-4668-BE54-9A1E7A4F7556}") = "Deloitte.NAA.API.UnitTests", "Deloitte.NAA.API.UnitTests\Deloitte.NAA.API.UnitTests.csproj", "{DDF2E8FB-A4F5-4C24-85BC-5DDCE8793481}"
EndProject
Project("{9A19103F-16F7-4668-BE54-9A1E7A4F7556}") = "Deloitte.NAA.UnitTests.Common", "Deloitte.NAA.UnitTests.Common\Deloitte.NAA.UnitTests.Common.csproj", "{63AA3AFD-5AB0-475E-B9CC-0D5592F5EBF1}"
EndProject
Global
	GlobalSection(SolutionConfigurationPlatforms) = preSolution
		Debug|Any CPU = Debug|Any CPU
		Release|Any CPU = Release|Any CPU
	EndGlobalSection
	GlobalSection(ProjectConfigurationPlatforms) = postSolution
		{11E8458F-4739-4415-8EE5-950FD5AA7A98}.Debug|Any CPU.ActiveCfg = Debug|Any CPU
		{11E8458F-4739-4415-8EE5-950FD5AA7A98}.Debug|Any CPU.Build.0 = Debug|Any CPU
		{11E8458F-4739-4415-8EE5-950FD5AA7A98}.Release|Any CPU.ActiveCfg = Release|Any CPU
		{11E8458F-4739-4415-8EE5-950FD5AA7A98}.Release|Any CPU.Build.0 = Release|Any CPU
		{24218891-0928-43E2-88A8-5EDF251D8BB4}.Debug|Any CPU.ActiveCfg = Debug|Any CPU
		{24218891-0928-43E2-88A8-5EDF251D8BB4}.Debug|Any CPU.Build.0 = Debug|Any CPU
		{24218891-0928-43E2-88A8-5EDF251D8BB4}.Release|Any CPU.ActiveCfg = Release|Any CPU
		{24218891-0928-43E2-88A8-5EDF251D8BB4}.Release|Any CPU.Build.0 = Release|Any CPU
		{C418CA32-9B23-4C23-9308-E0CCAED2F4CC}.Debug|Any CPU.ActiveCfg = Debug|Any CPU
		{C418CA32-9B23-4C23-9308-E0CCAED2F4CC}.Debug|Any CPU.Build.0 = Debug|Any CPU
		{C418CA32-9B23-4C23-9308-E0CCAED2F4CC}.Release|Any CPU.ActiveCfg = Release|Any CPU
		{C418CA32-9B23-4C23-9308-E0CCAED2F4CC}.Release|Any CPU.Build.0 = Release|Any CPU
		{678325F8-874D-4159-B406-5C68CEEE31C4}.Debug|Any CPU.ActiveCfg = Debug|Any CPU
		{678325F8-874D-4159-B406-5C68CEEE31C4}.Debug|Any CPU.Build.0 = Debug|Any CPU
		{678325F8-874D-4159-B406-5C68CEEE31C4}.Release|Any CPU.ActiveCfg = Release|Any CPU
		{678325F8-874D-4159-B406-5C68CEEE31C4}.Release|Any CPU.Build.0 = Release|Any CPU
		{10609A65-A29E-41F7-9D6E-B424381C8C06}.Debug|Any CPU.ActiveCfg = Debug|Any CPU
		{10609A65-A29E-41F7-9D6E-B424381C8C06}.Debug|Any CPU.Build.0 = Debug|Any CPU
		{10609A65-A29E-41F7-9D6E-B424381C8C06}.Release|Any CPU.ActiveCfg = Release|Any CPU
		{10609A65-A29E-41F7-9D6E-B424381C8C06}.Release|Any CPU.Build.0 = Release|Any CPU
		{AD202151-C191-49E0-A03F-72178D1FEDC4}.Debug|Any CPU.ActiveCfg = Debug|Any CPU
		{AD202151-C191-49E0-A03F-72178D1FEDC4}.Debug|Any CPU.Build.0 = Debug|Any CPU
		{AD202151-C191-49E0-A03F-72178D1FEDC4}.Release|Any CPU.ActiveCfg = Release|Any CPU
		{AD202151-C191-49E0-A03F-72178D1FEDC4}.Release|Any CPU.Build.0 = Release|Any CPU
		{CD55BB09-7CCA-48F0-A98E-4603CB17B276}.Debug|Any CPU.ActiveCfg = Debug|Any CPU
		{CD55BB09-7CCA-48F0-A98E-4603CB17B276}.Debug|Any CPU.Build.0 = Debug|Any CPU
		{CD55BB09-7CCA-48F0-A98E-4603CB17B276}.Release|Any CPU.ActiveCfg = Release|Any CPU
		{CD55BB09-7CCA-48F0-A98E-4603CB17B276}.Release|Any CPU.Build.0 = Release|Any CPU
		{C161AA4E-288E-419E-8840-038A5EF46A3D}.Debug|Any CPU.ActiveCfg = Debug|Any CPU
		{C161AA4E-288E-419E-8840-038A5EF46A3D}.Debug|Any CPU.Build.0 = Debug|Any CPU
		{C161AA4E-288E-419E-8840-038A5EF46A3D}.Release|Any CPU.ActiveCfg = Release|Any CPU
		{C161AA4E-288E-419E-8840-038A5EF46A3D}.Release|Any CPU.Build.0 = Release|Any CPU
		{817865DB-EB2D-4095-82C0-5968D83CEE11}.Debug|Any CPU.ActiveCfg = Debug|Any CPU
		{817865DB-EB2D-4095-82C0-5968D83CEE11}.Debug|Any CPU.Build.0 = Debug|Any CPU
		{817865DB-EB2D-4095-82C0-5968D83CEE11}.Release|Any CPU.ActiveCfg = Release|Any CPU
		{817865DB-EB2D-4095-82C0-5968D83CEE11}.Release|Any CPU.Build.0 = Release|Any CPU
		{79B8B0D0-EACE-4DEE-9255-174F09BDF485}.Debug|Any CPU.ActiveCfg = Debug|Any CPU
		{79B8B0D0-EACE-4DEE-9255-174F09BDF485}.Debug|Any CPU.Build.0 = Debug|Any CPU
		{79B8B0D0-EACE-4DEE-9255-174F09BDF485}.Release|Any CPU.ActiveCfg = Release|Any CPU
		{79B8B0D0-EACE-4DEE-9255-174F09BDF485}.Release|Any CPU.Build.0 = Release|Any CPU
		{DDF2E8FB-A4F5-4C24-85BC-5DDCE8793481}.Debug|Any CPU.ActiveCfg = Debug|Any CPU
		{DDF2E8FB-A4F5-4C24-85BC-5DDCE8793481}.Debug|Any CPU.Build.0 = Debug|Any CPU
		{DDF2E8FB-A4F5-4C24-85BC-5DDCE8793481}.Release|Any CPU.ActiveCfg = Release|Any CPU
		{DDF2E8FB-A4F5-4C24-85BC-5DDCE8793481}.Release|Any CPU.Build.0 = Release|Any CPU
		{63AA3AFD-5AB0-475E-B9CC-0D5592F5EBF1}.Debug|Any CPU.ActiveCfg = Debug|Any CPU
		{63AA3AFD-5AB0-475E-B9CC-0D5592F5EBF1}.Debug|Any CPU.Build.0 = Debug|Any CPU
		{63AA3AFD-5AB0-475E-B9CC-0D5592F5EBF1}.Release|Any CPU.ActiveCfg = Release|Any CPU
		{63AA3AFD-5AB0-475E-B9CC-0D5592F5EBF1}.Release|Any CPU.Build.0 = Release|Any CPU
	EndGlobalSection
	GlobalSection(SolutionProperties) = preSolution
		HideSolutionNode = FALSE
	EndGlobalSection
	GlobalSection(NestedProjects) = preSolution
		{11E8458F-4739-4415-8EE5-950FD5AA7A98} = {0529ECB0-72C9-4DC0-BBC6-79BF4959C6D4}
		{24218891-0928-43E2-88A8-5EDF251D8BB4} = {0529ECB0-72C9-4DC0-BBC6-79BF4959C6D4}
		{C418CA32-9B23-4C23-9308-E0CCAED2F4CC} = {0529ECB0-72C9-4DC0-BBC6-79BF4959C6D4}
		{678325F8-874D-4159-B406-5C68CEEE31C4} = {A5F21D5C-B396-4F18-9507-BC16335D75B8}
		{10609A65-A29E-41F7-9D6E-B424381C8C06} = {3993B9C9-C731-403D-B375-DD6F03B9859B}
		{AD202151-C191-49E0-A03F-72178D1FEDC4} = {3993B9C9-C731-403D-B375-DD6F03B9859B}
		{CD55BB09-7CCA-48F0-A98E-4603CB17B276} = {DD3BBC98-0571-493E-8707-691CA9F1FF8E}
		{C161AA4E-288E-419E-8840-038A5EF46A3D} = {3993B9C9-C731-403D-B375-DD6F03B9859B}
		{817865DB-EB2D-4095-82C0-5968D83CEE11} = {A5F21D5C-B396-4F18-9507-BC16335D75B8}
		{79B8B0D0-EACE-4DEE-9255-174F09BDF485} = {A5F21D5C-B396-4F18-9507-BC16335D75B8}
		{DDF2E8FB-A4F5-4C24-85BC-5DDCE8793481} = {3993B9C9-C731-403D-B375-DD6F03B9859B}
	EndGlobalSection
	GlobalSection(ExtensibilityGlobals) = postSolution
		SolutionGuid = {22462B81-C3F8-48F0-A793-A7C2C1A89FB7}
	EndGlobalSection
EndGlobal
